
Microsoft Visual Studio Solution File, Format Version 12.00
# Visual Studio Version 17
VisualStudioVersion = 17.8.34511.84
MinimumVisualStudioVersion = 10.0.40219.1
Project("{FAE04EC0-301F-11D3-BF4B-00C04F79EFBC}") = "CubeConundrum", "CubeConundrum.csproj", "{D85CBC2A-B842-4A9F-B4CA-36904144B756}"
EndProject
Global
	GlobalSection(SolutionConfigurationPlatforms) = preSolution
		Debug|Any CPU = Debug|Any CPU
		Release|Any CPU = Release|Any CPU
	EndGlobalSection
	GlobalSection(ProjectConfigurationPlatforms) = postSolution
		{D85CBC2A-B842-4A9F-B4CA-36904144B756}.Debug|Any CPU.ActiveCfg = Debug|Any CPU
		{D85CBC2A-B842-4A9F-B4CA-36904144B756}.Debug|Any CPU.Build.0 = Debug|Any CPU
		{D85CBC2A-B842-4A9F-B4CA-36904144B756}.Release|Any CPU.ActiveCfg = Release|Any CPU
		{D85CBC2A-B842-4A9F-B4CA-36904144B756}.Release|Any CPU.Build.0 = Release|Any CPU
	EndGlobalSection
	GlobalSection(SolutionProperties) = preSolution
		HideSolutionNode = FALSE
	EndGlobalSection
	GlobalSection(ExtensibilityGlobals) = postSolution
		SolutionGuid = {04939F87-2EDD-4898-AED4-DE292185399B}
	EndGlobalSection
EndGlobal
